
Microsoft Visual Studio Solution File, Format Version 12.00
# Visual Studio Version 16
VisualStudioVersion = 16.0.30320.27
MinimumVisualStudioVersion = 10.0.40219.1
Project("{FAE04EC0-301F-11D3-BF4B-00C04F79EFBC}") = "Final17", "Final17\Final17.csproj", "{1EFA615B-C43C-44F3-A96E-E951E557347A}"
EndProject
Global
	GlobalSection(SolutionConfigurationPlatforms) = preSolution
		Debug|Any CPU = Debug|Any CPU
		Release|Any CPU = Release|Any CPU
	EndGlobalSection
	GlobalSection(ProjectConfigurationPlatforms) = postSolution
		{1EFA615B-C43C-44F3-A96E-E951E557347A}.Debug|Any CPU.ActiveCfg = Debug|Any CPU
		{1EFA615B-C43C-44F3-A96E-E951E557347A}.Debug|Any CPU.Build.0 = Debug|Any CPU
		{1EFA615B-C43C-44F3-A96E-E951E557347A}.Release|Any CPU.ActiveCfg = Release|Any CPU
		{1EFA615B-C43C-44F3-A96E-E951E557347A}.Release|Any CPU.Build.0 = Release|Any CPU
	EndGlobalSection
	GlobalSection(SolutionProperties) = preSolution
		HideSolutionNode = FALSE
	EndGlobalSection
	GlobalSection(ExtensibilityGlobals) = postSolution
		SolutionGuid = {00069DDA-EC9A-441C-9D22-55DBD528342E}
	EndGlobalSection
EndGlobal
